// !$*UTF8*$!
{
	archiveVersion = 1;
	classes = {
	};
	objectVersion = 50;
	objects = {

/* Begin PBXBuildFile section */
		0086A8D5642E500BE5B380A1 /* Pods_markdown.framework in Frameworks */ = {isa = PBXBuildFile; fileRef = 3FAE49C971389420EB605607 /* Pods_markdown.framework */; };
		1B0E079A26FAE02200B32CBA /* AppDelegate.swift in Sources */ = {isa = PBXBuildFile; fileRef = 1B0E079926FAE02200B32CBA /* AppDelegate.swift */; };
		1B0E079C26FAE02200B32CBA /* SceneDelegate.swift in Sources */ = {isa = PBXBuildFile; fileRef = 1B0E079B26FAE02200B32CBA /* SceneDelegate.swift */; };
		1B0E079E26FAE02200B32CBA /* ViewController.swift in Sources */ = {isa = PBXBuildFile; fileRef = 1B0E079D26FAE02200B32CBA /* ViewController.swift */; };
		1B0E07A126FAE02200B32CBA /* Main.storyboard in Resources */ = {isa = PBXBuildFile; fileRef = 1B0E079F26FAE02200B32CBA /* Main.storyboard */; };
		1B0E07A326FAE02600B32CBA /* Assets.xcassets in Resources */ = {isa = PBXBuildFile; fileRef = 1B0E07A226FAE02600B32CBA /* Assets.xcassets */; };
		1B0E07A626FAE02600B32CBA /* LaunchScreen.storyboard in Resources */ = {isa = PBXBuildFile; fileRef = 1B0E07A426FAE02600B32CBA /* LaunchScreen.storyboard */; };
/* End PBXBuildFile section */

/* Begin PBXFileReference section */
		1B0E079626FAE02200B32CBA /* markdown.app */ = {isa = PBXFileReference; explicitFileType = wrapper.application; includeInIndex = 0; path = markdown.app; sourceTree = BUILT_PRODUCTS_DIR; };
		1B0E079926FAE02200B32CBA /* AppDelegate.swift */ = {isa = PBXFileReference; lastKnownFileType = sourcecode.swift; path = AppDelegate.swift; sourceTree = "<group>"; };
		1B0E079B26FAE02200B32CBA /* SceneDelegate.swift */ = {isa = PBXFileReference; lastKnownFileType = sourcecode.swift; path = SceneDelegate.swift; sourceTree = "<group>"; };
		1B0E079D26FAE02200B32CBA /* ViewController.swift */ = {isa = PBXFileReference; lastKnownFileType = sourcecode.swift; path = ViewController.swift; sourceTree = "<group>"; };
		1B0E07A026FAE02200B32CBA /* Base */ = {isa = PBXFileReference; lastKnownFileType = file.storyboard; name = Base; path = Base.lproj/Main.storyboard; sourceTree = "<group>"; };
		1B0E07A226FAE02600B32CBA /* Assets.xcassets */ = {isa = PBXFileReference; lastKnownFileType = folder.assetcatalog; path = Assets.xcassets; sourceTree = "<group>"; };
		1B0E07A526FAE02600B32CBA /* Base */ = {isa = PBXFileReference; lastKnownFileType = file.storyboard; name = Base; path = Base.lproj/LaunchScreen.storyboard; sourceTree = "<group>"; };
		1B0E07A726FAE02600B32CBA /* Info.plist */ = {isa = PBXFileReference; lastKnownFileType = text.plist.xml; path = Info.plist; sourceTree = "<group>"; };
		3FAE49C971389420EB605607 /* Pods_markdown.framework */ = {isa = PBXFileReference; explicitFileType = wrapper.framework; includeInIndex = 0; path = Pods_markdown.framework; sourceTree = BUILT_PRODUCTS_DIR; };
		6F3A9C68E6C5A6B1FFFDAEBB /* Pods-markdown.debug.xcconfig */ = {isa = PBXFileReference; includeInIndex = 1; lastKnownFileType = text.xcconfig; name = "Pods-markdown.debug.xcconfig"; path = "Target Support Files/Pods-markdown/Pods-markdown.debug.xcconfig"; sourceTree = "<group>"; };
		A9AC5B0E75738C967410C0A0 /* Pods-markdown.release.xcconfig */ = {isa = PBXFileReference; includeInIndex = 1; lastKnownFileType = text.xcconfig; name = "Pods-markdown.release.xcconfig"; path = "Target Support Files/Pods-markdown/Pods-markdown.release.xcconfig"; sourceTree = "<group>"; };
/* End PBXFileReference section */

/* Begin PBXFrameworksBuildPhase section */
		1B0E079326FAE02100B32CBA /* Frameworks */ = {
			isa = PBXFrameworksBuildPhase;
			buildActionMask = 2147483647;
			files = (
				0086A8D5642E500BE5B380A1 /* Pods_markdown.framework in Frameworks */,
			);
			runOnlyForDeploymentPostprocessing = 0;
		};
/* End PBXFrameworksBuildPhase section */

/* Begin PBXGroup section */
		1B0E078D26FAE02100B32CBA = {
			isa = PBXGroup;
			children = (
				1B0E079826FAE02200B32CBA /* markdown */,
				1B0E079726FAE02200B32CBA /* Products */,
				FBF9AA7E0957EAFE22A2BAEF /* Pods */,
				B52BB7994EE10A92666E39CB /* Frameworks */,
			);
			sourceTree = "<group>";
		};
		1B0E079726FAE02200B32CBA /* Products */ = {
			isa = PBXGroup;
			children = (
				1B0E079626FAE02200B32CBA /* markdown.app */,
			);
			name = Products;
			sourceTree = "<group>";
		};
		1B0E079826FAE02200B32CBA /* markdown */ = {
			isa = PBXGroup;
			children = (
				1B0E079926FAE02200B32CBA /* AppDelegate.swift */,
				1B0E079B26FAE02200B32CBA /* SceneDelegate.swift */,
				1B0E079D26FAE02200B32CBA /* ViewController.swift */,
				1B0E079F26FAE02200B32CBA /* Main.storyboard */,
				1B0E07A226FAE02600B32CBA /* Assets.xcassets */,
				1B0E07A426FAE02600B32CBA /* LaunchScreen.storyboard */,
				1B0E07A726FAE02600B32CBA /* Info.plist */,
			);
			path = markdown;
			sourceTree = "<group>";
		};
		B52BB7994EE10A92666E39CB /* Frameworks */ = {
			isa = PBXGroup;
			children = (
				3FAE49C971389420EB605607 /* Pods_markdown.framework */,
			);
			name = Frameworks;
			sourceTree = "<group>";
		};
		FBF9AA7E0957EAFE22A2BAEF /* Pods */ = {
			isa = PBXGroup;
			children = (
				6F3A9C68E6C5A6B1FFFDAEBB /* Pods-markdown.debug.xcconfig */,
				A9AC5B0E75738C967410C0A0 /* Pods-markdown.release.xcconfig */,
			);
			name = Pods;
			path = Pods;
			sourceTree = "<group>";
		};
/* End PBXGroup section */

/* Begin PBXNativeTarget section */
		1B0E079526FAE02100B32CBA /* markdown */ = {
			isa = PBXNativeTarget;
			buildConfigurationList = 1B0E07AA26FAE02600B32CBA /* Build configuration list for PBXNativeTarget "markdown" */;
			buildPhases = (
				C797250601F527E63D24678E /* [CP] Check Pods Manifest.lock */,
				1B0E079226FAE02100B32CBA /* Sources */,
				1B0E079326FAE02100B32CBA /* Frameworks */,
				1B0E079426FAE02100B32CBA /* Resources */,
				718DB37493B5EF3783917FB1 /* [CP] Embed Pods Frameworks */,
			);
			buildRules = (
			);
			dependencies = (
			);
			name = markdown;
			productName = markdown;
			productReference = 1B0E079626FAE02200B32CBA /* markdown.app */;
			productType = "com.apple.product-type.application";
		};
/* End PBXNativeTarget section */

/* Begin PBXProject section */
		1B0E078E26FAE02100B32CBA /* Project object */ = {
			isa = PBXProject;
			attributes = {
				LastSwiftUpdateCheck = 1250;
				LastUpgradeCheck = 1250;
				TargetAttributes = {
					1B0E079526FAE02100B32CBA = {
						CreatedOnToolsVersion = 12.5.1;
					};
				};
			};
			buildConfigurationList = 1B0E079126FAE02100B32CBA /* Build configuration list for PBXProject "markdown" */;
			compatibilityVersion = "Xcode 9.3";
			developmentRegion = en;
			hasScannedForEncodings = 0;
			knownRegions = (
				en,
				Base,
			);
			mainGroup = 1B0E078D26FAE02100B32CBA;
			productRefGroup = 1B0E079726FAE02200B32CBA /* Products */;
			projectDirPath = "";
			projectRoot = "";
			targets = (
				1B0E079526FAE02100B32CBA /* markdown */,
			);
		};
/* End PBXProject section */

/* Begin PBXResourcesBuildPhase section */
		1B0E079426FAE02100B32CBA /* Resources */ = {
			isa = PBXResourcesBuildPhase;
			buildActionMask = 2147483647;
			files = (
				1B0E07A626FAE02600B32CBA /* LaunchScreen.storyboard in Resources */,
				1B0E07A326FAE02600B32CBA /* Assets.xcassets in Resources */,
				1B0E07A126FAE02200B32CBA /* Main.storyboard in Resources */,
			);
			runOnlyForDeploymentPostprocessing = 0;
		};
/* End PBXResourcesBuildPhase section */

/* Begin PBXShellScriptBuildPhase section */
		718DB37493B5EF3783917FB1 /* [CP] Embed Pods Frameworks */ = {
			isa = PBXShellScriptBuildPhase;
			buildActionMask = 2147483647;
			files = (
			);
			inputFileListPaths = (
				"${PODS_ROOT}/Target Support Files/Pods-markdown/Pods-markdown-frameworks-${CONFIGURATION}-input-files.xcfilelist",
			);
			name = "[CP] Embed Pods Frameworks";
			outputFileListPaths = (
				"${PODS_ROOT}/Target Support Files/Pods-markdown/Pods-markdown-frameworks-${CONFIGURATION}-output-files.xcfilelist",
			);
			runOnlyForDeploymentPostprocessing = 0;
			shellPath = /bin/sh;
			shellScript = "\"${PODS_ROOT}/Target Support Files/Pods-markdown/Pods-markdown-frameworks.sh\"\n";
			showEnvVarsInLog = 0;
		};
		C797250601F527E63D24678E /* [CP] Check Pods Manifest.lock */ = {
			isa = PBXShellScriptBuildPhase;
			buildActionMask = 2147483647;
			files = (
			);
			inputFileListPaths = (
			);
			inputPaths = (
				"${PODS_PODFILE_DIR_PATH}/Podfile.lock",
				"${PODS_ROOT}/Manifest.lock",
			);
			name = "[CP] Check Pods Manifest.lock";
			outputFileListPaths = (
			);
			outputPaths = (
				"$(DERIVED_FILE_DIR)/Pods-markdown-checkManifestLockResult.txt",
			);
			runOnlyForDeploymentPostprocessing = 0;
			shellPath = /bin/sh;
			shellScript = "diff \"${PODS_PODFILE_DIR_PATH}/Podfile.lock\" \"${PODS_ROOT}/Manifest.lock\" > /dev/null\nif [ $? != 0 ] ; then\n    # print error to STDERR\n    echo \"error: The sandbox is not in sync with the Podfile.lock. Run 'pod install' or update your CocoaPods installation.\" >&2\n    exit 1\nfi\n# This output is used by Xcode 'outputs' to avoid re-running this script phase.\necho \"SUCCESS\" > \"${SCRIPT_OUTPUT_FILE_0}\"\n";
			showEnvVarsInLog = 0;
		};
/* End PBXShellScriptBuildPhase section */

/* Begin PBXSourcesBuildPhase section */
		1B0E079226FAE02100B32CBA /* Sources */ = {
			isa = PBXSourcesBuildPhase;
			buildActionMask = 2147483647;
			files = (
				1B0E079E26FAE02200B32CBA /* ViewController.swift in Sources */,
				1B0E079A26FAE02200B32CBA /* AppDelegate.swift in Sources */,
				1B0E079C26FAE02200B32CBA /* SceneDelegate.swift in Sources */,
			);
			runOnlyForDeploymentPostprocessing = 0;
		};
/* End PBXSourcesBuildPhase section */

/* Begin PBXVariantGroup section */
		1B0E079F26FAE02200B32CBA /* Main.storyboard */ = {
			isa = PBXVariantGroup;
			children = (
				1B0E07A026FAE02200B32CBA /* Base */,
			);
			name = Main.storyboard;
			sourceTree = "<group>";
		};
		1B0E07A426FAE02600B32CBA /* LaunchScreen.storyboard */ = {
			isa = PBXVariantGroup;
			children = (
				1B0E07A526FAE02600B32CBA /* Base */,
			);
			name = LaunchScreen.storyboard;
			sourceTree = "<group>";
		};
/* End PBXVariantGroup section */

/* Begin XCBuildConfiguration section */
		1B0E07A826FAE02600B32CBA /* Debug */ = {
			isa = XCBuildConfiguration;
			buildSettings = {
				ALWAYS_SEARCH_USER_PATHS = NO;
				CLANG_ANALYZER_NONNULL = YES;
				CLANG_ANALYZER_NUMBER_OBJECT_CONVERSION = YES_AGGRESSIVE;
				CLANG_CXX_LANGUAGE_STANDARD = "gnu++14";
				CLANG_CXX_LIBRARY = "libc++";
				CLANG_ENABLE_MODULES = YES;
				CLANG_ENABLE_OBJC_ARC = YES;
				CLANG_ENABLE_OBJC_WEAK = YES;
				CLANG_WARN_BLOCK_CAPTURE_AUTORELEASING = YES;
				CLANG_WARN_BOOL_CONVERSION = YES;
				CLANG_WARN_COMMA = YES;
				CLANG_WARN_CONSTANT_CONVERSION = YES;
				CLANG_WARN_DEPRECATED_OBJC_IMPLEMENTATIONS = YES;
				CLANG_WARN_DIRECT_OBJC_ISA_USAGE = YES_ERROR;
				CLANG_WARN_DOCUMENTATION_COMMENTS = YES;
				CLANG_WARN_EMPTY_BODY = YES;
				CLANG_WARN_ENUM_CONVERSION = YES;
				CLANG_WARN_INFINITE_RECURSION = YES;
				CLANG_WARN_INT_CONVERSION = YES;
				CLANG_WARN_NON_LITERAL_NULL_CONVERSION = YES;
				CLANG_WARN_OBJC_IMPLICIT_RETAIN_SELF = YES;
				CLANG_WARN_OBJC_LITERAL_CONVERSION = YES;
				CLANG_WARN_OBJC_ROOT_CLASS = YES_ERROR;
				CLANG_WARN_QUOTED_INCLUDE_IN_FRAMEWORK_HEADER = YES;
				CLANG_WARN_RANGE_LOOP_ANALYSIS = YES;
				CLANG_WARN_STRICT_PROTOTYPES = YES;
				CLANG_WARN_SUSPICIOUS_MOVE = YES;
				CLANG_WARN_UNGUARDED_AVAILABILITY = YES_AGGRESSIVE;
				CLANG_WARN_UNREACHABLE_CODE = YES;
				CLANG_WARN__DUPLICATE_METHOD_MATCH = YES;
				COPY_PHASE_STRIP = NO;
				DEBUG_INFORMATION_FORMAT = dwarf;
				ENABLE_STRICT_OBJC_MSGSEND = YES;
				ENABLE_TESTABILITY = YES;
				GCC_C_LANGUAGE_STANDARD = gnu11;
				GCC_DYNAMIC_NO_PIC = NO;
				GCC_NO_COMMON_BLOCKS = YES;
				GCC_OPTIMIZATION_LEVEL = 0;
				GCC_PREPROCESSOR_DEFINITIONS = (
					"DEBUG=1",
					"$(inherited)",
				);
				GCC_WARN_64_TO_32_BIT_CONVERSION = YES;
				GCC_WARN_ABOUT_RETURN_TYPE = YES_ERROR;
				GCC_WARN_UNDECLARED_SELECTOR = YES;
				GCC_WARN_UNINITIALIZED_AUTOS = YES_AGGRESSIVE;
				GCC_WARN_UNUSED_FUNCTION = YES;
				GCC_WARN_UNUSED_VARIABLE = YES;
				IPHONEOS_DEPLOYMENT_TARGET = 14.5;
				MTL_ENABLE_DEBUG_INFO = INCLUDE_SOURCE;
				MTL_FAST_MATH = YES;
				ONLY_ACTIVE_ARCH = YES;
				SDKROOT = iphoneos;
				SWIFT_ACTIVE_COMPILATION_CONDITIONS = DEBUG;
				SWIFT_OPTIMIZATION_LEVEL = "-Onone";
			};
			name = Debug;
		};
		1B0E07A926FAE02600B32CBA /* Release */ = {
			isa = XCBuildConfiguration;
			buildSettings = {
				ALWAYS_SEARCH_USER_PATHS = NO;
				CLANG_ANALYZER_NONNULL = YES;
				CLANG_ANALYZER_NUMBER_OBJECT_CONVERSION = YES_AGGRESSIVE;
				CLANG_CXX_LANGUAGE_STANDARD = "gnu++14";
				CLANG_CXX_LIBRARY = "libc++";
				CLANG_ENABLE_MODULES = YES;
				CLANG_ENABLE_OBJC_ARC = YES;
				CLANG_ENABLE_OBJC_WEAK = YES;
				CLANG_WARN_BLOCK_CAPTURE_AUTORELEASING = YES;
				CLANG_WARN_BOOL_CONVERSION = YES;
				CLANG_WARN_COMMA = YES;
				CLANG_WARN_CONSTANT_CONVERSION = YES;
				CLANG_WARN_DEPRECATED_OBJC_IMPLEMENTATIONS = YES;
				CLANG_WARN_DIRECT_OBJC_ISA_USAGE = YES_ERROR;
				CLANG_WARN_DOCUMENTATION_COMMENTS = YES;
				CLANG_WARN_EMPTY_BODY = YES;
				CLANG_WARN_ENUM_CONVERSION = YES;
				CLANG_WARN_INFINITE_RECURSION = YES;
				CLANG_WARN_INT_CONVERSION = YES;
				CLANG_WARN_NON_LITERAL_NULL_CONVERSION = YES;
				CLANG_WARN_OBJC_IMPLICIT_RETAIN_SELF = YES;
				CLANG_WARN_OBJC_LITERAL_CONVERSION = YES;
				CLANG_WARN_OBJC_ROOT_CLASS = YES_ERROR;
				CLANG_WARN_QUOTED_INCLUDE_IN_FRAMEWORK_HEADER = YES;
				CLANG_WARN_RANGE_LOOP_ANALYSIS = YES;
				CLANG_WARN_STRICT_PROTOTYPES = YES;
				CLANG_WARN_SUSPICIOUS_MOVE = YES;
				CLANG_WARN_UNGUARDED_AVAILABILITY = YES_AGGRESSIVE;
				CLANG_WARN_UNREACHABLE_CODE = YES;
				CLANG_WARN__DUPLICATE_METHOD_MATCH = YES;
				COPY_PHASE_STRIP = NO;
				DEBUG_INFORMATION_FORMAT = "dwarf-with-dsym";
				ENABLE_NS_ASSERTIONS = NO;
				ENABLE_STRICT_OBJC_MSGSEND = YES;
				GCC_C_LANGUAGE_STANDARD = gnu11;
				GCC_NO_COMMON_BLOCKS = YES;
				GCC_WARN_64_TO_32_BIT_CONVERSION = YES;
				GCC_WARN_ABOUT_RETURN_TYPE = YES_ERROR;
				GCC_WARN_UNDECLARED_SELECTOR = YES;
				GCC_WARN_UNINITIALIZED_AUTOS = YES_AGGRESSIVE;
				GCC_WARN_UNUSED_FUNCTION = YES;
				GCC_WARN_UNUSED_VARIABLE = YES;
				IPHONEOS_DEPLOYMENT_TARGET = 14.5;
				MTL_ENABLE_DEBUG_INFO = NO;
				MTL_FAST_MATH = YES;
				SDKROOT = iphoneos;
				SWIFT_COMPILATION_MODE = wholemodule;
				SWIFT_OPTIMIZATION_LEVEL = "-O";
				VALIDATE_PRODUCT = YES;
			};
			name = Release;
		};
		1B0E07AB26FAE02600B32CBA /* Debug */ = {
			isa = XCBuildConfiguration;
			baseConfigurationReference = 6F3A9C68E6C5A6B1FFFDAEBB /* Pods-markdown.debug.xcconfig */;
			buildSettings = {
				ASSETCATALOG_COMPILER_APPICON_NAME = AppIcon;
				ASSETCATALOG_COMPILER_GLOBAL_ACCENT_COLOR_NAME = AccentColor;
				CODE_SIGN_STYLE = Automatic;
				DEVELOPMENT_TEAM = TXJ534LQ6U;
				INFOPLIST_FILE = markdown/Info.plist;
				LD_RUNPATH_SEARCH_PATHS = (
					"$(inherited)",
					"@executable_path/Frameworks",
				);
				PRODUCT_BUNDLE_IDENTIFIER = com.rehanchrl.markdown;
				PRODUCT_NAME = "$(TARGET_NAME)";
				SWIFT_VERSION = 5.0;
				TARGETED_DEVICE_FAMILY = "1,2";
			};
			name = Debug;
		};
		1B0E07AC26FAE02600B32CBA /* Release */ = {
			isa = XCBuildConfiguration;
			baseConfigurationReference = A9AC5B0E75738C967410C0A0 /* Pods-markdown.release.xcconfig */;
			buildSettings = {
				ASSETCATALOG_COMPILER_APPICON_NAME = AppIcon;
				ASSETCATALOG_COMPILER_GLOBAL_ACCENT_COLOR_NAME = AccentColor;
				CODE_SIGN_STYLE = Automatic;
				DEVELOPMENT_TEAM = TXJ534LQ6U;
				INFOPLIST_FILE = markdown/Info.plist;
				LD_RUNPATH_SEARCH_PATHS = (
					"$(inherited)",
					"@executable_path/Frameworks",
				);
				PRODUCT_BUNDLE_IDENTIFIER = com.rehanchrl.markdown;
				PRODUCT_NAME = "$(TARGET_NAME)";
				SWIFT_VERSION = 5.0;
				TARGETED_DEVICE_FAMILY = "1,2";
			};
			name = Release;
		};
/* End XCBuildConfiguration section */

/* Begin XCConfigurationList section */
		1B0E079126FAE02100B32CBA /* Build configuration list for PBXProject "markdown" */ = {
			isa = XCConfigurationList;
			buildConfigurations = (
				1B0E07A826FAE02600B32CBA /* Debug */,
				1B0E07A926FAE02600B32CBA /* Release */,
			);
			defaultConfigurationIsVisible = 0;
			defaultConfigurationName = Release;
		};
		1B0E07AA26FAE02600B32CBA /* Build configuration list for PBXNativeTarget "markdown" */ = {
			isa = XCConfigurationList;
			buildConfigurations = (
				1B0E07AB26FAE02600B32CBA /* Debug */,
				1B0E07AC26FAE02600B32CBA /* Release */,
			);
			defaultConfigurationIsVisible = 0;
			defaultConfigurationName = Release;
		};
/* End XCConfigurationList section */
	};
	rootObject = 1B0E078E26FAE02100B32CBA /* Project object */;
}
